
Microsoft Visual Studio Solution File, Format Version 12.00
# Visual Studio Version 16
VisualStudioVersion = 16.0.29519.87
MinimumVisualStudioVersion = 10.0.40219.1
Project("{FAE04EC0-301F-11D3-BF4B-00C04F79EFBC}") = "Sweep_Stakes", "SweepStakes\Sweep_Stakes.csproj", "{A7FF6E82-405A-45AE-B3D2-F2694C7A617E}"
EndProject
Global
	GlobalSection(SolutionConfigurationPlatforms) = preSolution
		Debug|Any CPU = Debug|Any CPU
		Release|Any CPU = Release|Any CPU
	EndGlobalSection
	GlobalSection(ProjectConfigurationPlatforms) = postSolution
		{A7FF6E82-405A-45AE-B3D2-F2694C7A617E}.Debug|Any CPU.ActiveCfg = Debug|Any CPU
		{A7FF6E82-405A-45AE-B3D2-F2694C7A617E}.Debug|Any CPU.Build.0 = Debug|Any CPU
		{A7FF6E82-405A-45AE-B3D2-F2694C7A617E}.Release|Any CPU.ActiveCfg = Release|Any CPU
		{A7FF6E82-405A-45AE-B3D2-F2694C7A617E}.Release|Any CPU.Build.0 = Release|Any CPU
	EndGlobalSection
	GlobalSection(SolutionProperties) = preSolution
		HideSolutionNode = FALSE
	EndGlobalSection
	GlobalSection(ExtensibilityGlobals) = postSolution
		SolutionGuid = {0F6C3EF3-1CDF-4487-A40C-5B5F2E5B06D3}
	EndGlobalSection
EndGlobal
